
Microsoft Visual Studio Solution File, Format Version 12.00
# Visual Studio Version 16
VisualStudioVersion = 16.0.29215.179
MinimumVisualStudioVersion = 10.0.40219.1
Project("{FAE04EC0-301F-11D3-BF4B-00C04F79EFBC}") = "Process_APP_Desk", "Process_APP_Desk\Process_APP_Desk.csproj", "{6FD0E4F9-9B1E-4E60-8023-19894B2B8DF9}"
EndProject
Project("{54435603-DBB4-11D2-8724-00A0C9A8B90C}") = "Instalador-ProcessEscritorio", "Instalador-ProcessEscritorio\Instalador-ProcessEscritorio.vdproj", "{E7492351-4429-4698-920D-CCCFDF6D8983}"
EndProject
Global
	GlobalSection(SolutionConfigurationPlatforms) = preSolution
		Debug|Any CPU = Debug|Any CPU
		Release|Any CPU = Release|Any CPU
	EndGlobalSection
	GlobalSection(ProjectConfigurationPlatforms) = postSolution
		{6FD0E4F9-9B1E-4E60-8023-19894B2B8DF9}.Debug|Any CPU.ActiveCfg = Debug|Any CPU
		{6FD0E4F9-9B1E-4E60-8023-19894B2B8DF9}.Debug|Any CPU.Build.0 = Debug|Any CPU
		{6FD0E4F9-9B1E-4E60-8023-19894B2B8DF9}.Release|Any CPU.ActiveCfg = Release|Any CPU
		{6FD0E4F9-9B1E-4E60-8023-19894B2B8DF9}.Release|Any CPU.Build.0 = Release|Any CPU
		{E7492351-4429-4698-920D-CCCFDF6D8983}.Debug|Any CPU.ActiveCfg = Debug
		{E7492351-4429-4698-920D-CCCFDF6D8983}.Release|Any CPU.ActiveCfg = Release
	EndGlobalSection
	GlobalSection(SolutionProperties) = preSolution
		HideSolutionNode = FALSE
	EndGlobalSection
	GlobalSection(ExtensibilityGlobals) = postSolution
		SolutionGuid = {25E1B392-75EA-4B85-994E-070E97BE1966}
	EndGlobalSection
EndGlobal
